
Microsoft Visual Studio Solution File, Format Version 12.00
# Visual Studio Version 17
VisualStudioVersion = 17.0.32112.339
MinimumVisualStudioVersion = 10.0.40219.1
Project("{FAE04EC0-301F-11D3-BF4B-00C04F79EFBC}") = "Architecture", "Architecture\Architecture.csproj", "{A5F15151-014A-4DA1-9DD8-390A55C9F982}"
EndProject
Project("{FAE04EC0-301F-11D3-BF4B-00C04F79EFBC}") = "Architecture.BLL", "Architecture.BLL\Architecture.BLL.csproj", "{E8607753-F5E6-406A-B715-343FEC8EAE9E}"
EndProject
Project("{FAE04EC0-301F-11D3-BF4B-00C04F79EFBC}") = "Architecture.DAL", "Architecture.DAL\Architecture.DAL.csproj", "{31934695-E84D-4596-BCB3-81DA04398B71}"
EndProject
Global
	GlobalSection(SolutionConfigurationPlatforms) = preSolution
		Debug|Any CPU = Debug|Any CPU
		Release|Any CPU = Release|Any CPU
	EndGlobalSection
	GlobalSection(ProjectConfigurationPlatforms) = postSolution
		{A5F15151-014A-4DA1-9DD8-390A55C9F982}.Debug|Any CPU.ActiveCfg = Debug|Any CPU
		{A5F15151-014A-4DA1-9DD8-390A55C9F982}.Debug|Any CPU.Build.0 = Debug|Any CPU
		{A5F15151-014A-4DA1-9DD8-390A55C9F982}.Release|Any CPU.ActiveCfg = Release|Any CPU
		{A5F15151-014A-4DA1-9DD8-390A55C9F982}.Release|Any CPU.Build.0 = Release|Any CPU
		{E8607753-F5E6-406A-B715-343FEC8EAE9E}.Debug|Any CPU.ActiveCfg = Debug|Any CPU
		{E8607753-F5E6-406A-B715-343FEC8EAE9E}.Debug|Any CPU.Build.0 = Debug|Any CPU
		{E8607753-F5E6-406A-B715-343FEC8EAE9E}.Release|Any CPU.ActiveCfg = Release|Any CPU
		{E8607753-F5E6-406A-B715-343FEC8EAE9E}.Release|Any CPU.Build.0 = Release|Any CPU
		{31934695-E84D-4596-BCB3-81DA04398B71}.Debug|Any CPU.ActiveCfg = Debug|Any CPU
		{31934695-E84D-4596-BCB3-81DA04398B71}.Debug|Any CPU.Build.0 = Debug|Any CPU
		{31934695-E84D-4596-BCB3-81DA04398B71}.Release|Any CPU.ActiveCfg = Release|Any CPU
		{31934695-E84D-4596-BCB3-81DA04398B71}.Release|Any CPU.Build.0 = Release|Any CPU
	EndGlobalSection
	GlobalSection(SolutionProperties) = preSolution
		HideSolutionNode = FALSE
	EndGlobalSection
	GlobalSection(ExtensibilityGlobals) = postSolution
		SolutionGuid = {FB8210AF-BC45-48E9-AFE0-F7150908FAEE}
	EndGlobalSection
EndGlobal
